{
    "_readme": [
        "This file locks the dependencies of your project to a known state",
        "Read more about it at https://getcomposer.org/doc/01-basic-usage.md#installing-dependencies",
        "This file is @generated automatically"
    ],
    "content-hash": "90ff994b6ad81ac30aacfb86885e02e0",
    "packages": [
        {
            "name": "loilo/fuse",
            "version": "6.6.2",
            "source": {
                "type": "git",
                "url": "https://github.com/loilo/Fuse.git",
                "reference": "40ec89b8db4e1a6930bc5e2a0b157ac9e9dd1059"
            },
            "dist": {
                "type": "zip",
                "url": "https://api.github.com/repos/loilo/Fuse/zipball/40ec89b8db4e1a6930bc5e2a0b157ac9e9dd1059",
                "reference": "40ec89b8db4e1a6930bc5e2a0b157ac9e9dd1059",
                "shasum": ""
            },
            "require": {
                "php": "^7.4 || ^8.0"
            },
            "require-dev": {
                "dms/phpunit-arraysubset-asserts": "^0.3.0 || ^0.4.0",
                "phpunit/phpunit": "^8.0 || ^9.0",
                "psalm/plugin-phpunit": "^0.16.1",
                "squizlabs/php_codesniffer": "^3.6",
                "vimeo/psalm": "^4.9"
            },
            "type": "library",
            "autoload": {
                "files": [
                    "src/Core/computeScore.php",
                    "src/Core/config.php",
                    "src/Core/format.php",
                    "src/Core/parse.php",
                    "src/Helpers/get.php",
                    "src/Helpers/sort.php",
                    "src/Helpers/types.php",
                    "src/Search/Bitap/computeScore.php",
                    "src/Search/Bitap/convertMaskToIndices.php",
                    "src/Search/Bitap/createPatternAlphabet.php",
                    "src/Search/Bitap/search.php",
                    "src/Search/Extended/parseQuery.php",
                    "src/Transform/transformMatches.php",
                    "src/Transform/transformScore.php"
                ],
                "psr-4": {
                    "Fuse\\": "src/"
                }
            },
            "notification-url": "https://packagist.org/downloads/",
            "license": [
                "Apache-2.0"
            ],
            "authors": [
                {
                    "name": "Florian Reuschel",
                    "email": "florian@loilo.de"
                }
            ],
            "description": "Fuzzy search for PHP based on Bitap algorithm",
            "support": {
                "issues": "https://github.com/loilo/Fuse/issues",
                "source": "https://github.com/loilo/Fuse/tree/v6.6.2"
            },
            "time": "2022-05-11T05:39:48+00:00"
        },
        {
            "name": "scrivo/highlight.php",
            "version": "v9.18.1.9",
            "source": {
                "type": "git",
                "url": "https://github.com/scrivo/highlight.php.git",
                "reference": "d45585504777e6194a91dffc7270ca39833787f8"
            },
            "dist": {
                "type": "zip",
                "url": "https://api.github.com/repos/scrivo/highlight.php/zipball/d45585504777e6194a91dffc7270ca39833787f8",
                "reference": "d45585504777e6194a91dffc7270ca39833787f8",
                "shasum": ""
            },
            "require": {
                "ext-json": "*",
                "php": ">=5.4"
            },
            "require-dev": {
                "phpunit/phpunit": "^4.8|^5.7",
                "sabberworm/php-css-parser": "^8.3",
                "symfony/finder": "^2.8|^3.4",
                "symfony/var-dumper": "^2.8|^3.4"
            },
            "suggest": {
                "ext-mbstring": "Allows highlighting code with unicode characters and supports language with unicode keywords"
            },
            "type": "library",
            "autoload": {
                "files": [
                    "HighlightUtilities/functions.php"
                ],
                "psr-0": {
                    "Highlight\\": "",
                    "HighlightUtilities\\": ""
                }
            },
            "notification-url": "https://packagist.org/downloads/",
            "license": [
                "BSD-3-Clause"
            ],
            "authors": [
                {
                    "name": "Geert Bergman",
                    "homepage": "http://www.scrivo.org/",
                    "role": "Project Author"
                },
                {
                    "name": "Vladimir Jimenez",
                    "homepage": "https://allejo.io",
                    "role": "Maintainer"
                },
                {
                    "name": "Martin Folkers",
                    "homepage": "https://twobrain.io",
                    "role": "Contributor"
                }
            ],
            "description": "Server side syntax highlighter that supports 185 languages. It's a PHP port of highlight.js",
            "keywords": [
                "code",
                "highlight",
                "highlight.js",
                "highlight.php",
                "syntax"
            ],
            "support": {
                "issues": "https://github.com/scrivo/highlight.php/issues",
                "source": "https://github.com/scrivo/highlight.php"
            },
            "funding": [
                {
                    "url": "https://github.com/allejo",
                    "type": "github"
                }
            ],
            "time": "2021-12-03T06:45:28+00:00"
        }
    ],
    "packages-dev": [],
    "aliases": [],
    "minimum-stability": "stable",
    "stability-flags": [],
    "prefer-stable": false,
    "prefer-lowest": false,
    "platform": [],
    "platform-dev": [],
    "plugin-api-version": "2.3.0"
}
